
Microsoft Visual Studio Solution File, Format Version 12.00
# Visual Studio Version 17
VisualStudioVersion = 17.5.002.0
MinimumVisualStudioVersion = 10.0.40219.1
Project("{9A19103F-16F7-4668-BE54-9A1E7A4F7556}") = "rkllm-sharp", "rkllm-sharp.csproj", "{13D9F01B-A02A-47EA-BAB5-6F004FFE38F0}"
EndProject
Global
	GlobalSection(SolutionConfigurationPlatforms) = preSolution
		Debug|Any CPU = Debug|Any CPU
		Release|Any CPU = Release|Any CPU
	EndGlobalSection
	GlobalSection(ProjectConfigurationPlatforms) = postSolution
		{13D9F01B-A02A-47EA-BAB5-6F004FFE38F0}.Debug|Any CPU.ActiveCfg = Debug|Any CPU
		{13D9F01B-A02A-47EA-BAB5-6F004FFE38F0}.Debug|Any CPU.Build.0 = Debug|Any CPU
		{13D9F01B-A02A-47EA-BAB5-6F004FFE38F0}.Release|Any CPU.ActiveCfg = Release|Any CPU
		{13D9F01B-A02A-47EA-BAB5-6F004FFE38F0}.Release|Any CPU.Build.0 = Release|Any CPU
	EndGlobalSection
	GlobalSection(SolutionProperties) = preSolution
		HideSolutionNode = FALSE
	EndGlobalSection
	GlobalSection(ExtensibilityGlobals) = postSolution
		SolutionGuid = {EEF21FB9-59A2-4A73-9235-D55EC615A2D2}
	EndGlobalSection
EndGlobal
